
Microsoft Visual Studio Solution File, Format Version 12.00
# Visual Studio 15
VisualStudioVersion = 15.0.26730.12
MinimumVisualStudioVersion = 10.0.40219.1
Project("{FAE04EC0-301F-11D3-BF4B-00C04F79EFBC}") = "DataObjectEditor", "ObjectEditor\DataObjectEditor.csproj", "{27612836-DA8D-489E-A725-C6876D22A7A1}"
EndProject
Project("{FAE04EC0-301F-11D3-BF4B-00C04F79EFBC}") = "EmigreEditor", "EmigreEditor\EmigreEditor.csproj", "{DB36B07A-4E2C-4028-B309-4A42965831C8}"
EndProject
Project("{FAE04EC0-301F-11D3-BF4B-00C04F79EFBC}") = "HearthEditor", "HearthEditor\HearthEditor.csproj", "{A5F666C3-43D0-42D8-9645-F79C020672AF}"
EndProject
Global
	GlobalSection(SolutionConfigurationPlatforms) = preSolution
		Debug|Any CPU = Debug|Any CPU
		Release|Any CPU = Release|Any CPU
	EndGlobalSection
	GlobalSection(ProjectConfigurationPlatforms) = postSolution
		{27612836-DA8D-489E-A725-C6876D22A7A1}.Debug|Any CPU.ActiveCfg = Debug|Any CPU
		{27612836-DA8D-489E-A725-C6876D22A7A1}.Debug|Any CPU.Build.0 = Debug|Any CPU
		{27612836-DA8D-489E-A725-C6876D22A7A1}.Release|Any CPU.ActiveCfg = Release|Any CPU
		{27612836-DA8D-489E-A725-C6876D22A7A1}.Release|Any CPU.Build.0 = Release|Any CPU
		{DB36B07A-4E2C-4028-B309-4A42965831C8}.Debug|Any CPU.ActiveCfg = Debug|Any CPU
		{DB36B07A-4E2C-4028-B309-4A42965831C8}.Debug|Any CPU.Build.0 = Debug|Any CPU
		{DB36B07A-4E2C-4028-B309-4A42965831C8}.Release|Any CPU.ActiveCfg = Release|Any CPU
		{DB36B07A-4E2C-4028-B309-4A42965831C8}.Release|Any CPU.Build.0 = Release|Any CPU
		{A5F666C3-43D0-42D8-9645-F79C020672AF}.Debug|Any CPU.ActiveCfg = Debug|Any CPU
		{A5F666C3-43D0-42D8-9645-F79C020672AF}.Debug|Any CPU.Build.0 = Debug|Any CPU
		{A5F666C3-43D0-42D8-9645-F79C020672AF}.Release|Any CPU.ActiveCfg = Release|Any CPU
		{A5F666C3-43D0-42D8-9645-F79C020672AF}.Release|Any CPU.Build.0 = Release|Any CPU
	EndGlobalSection
	GlobalSection(SolutionProperties) = preSolution
		HideSolutionNode = FALSE
	EndGlobalSection
	GlobalSection(ExtensibilityGlobals) = postSolution
		SolutionGuid = {267753C0-FFC4-409B-9BF5-83623E1A69FB}
	EndGlobalSection
EndGlobal
